
Microsoft Visual Studio Solution File, Format Version 12.00
# Visual Studio 2013
VisualStudioVersion = 12.0.31101.0
MinimumVisualStudioVersion = 10.0.40219.1
Project("{2150E333-8FDC-42A3-9474-1A3956D46DE8}") = "HongKongSchools", "HongKongSchools", "{76812128-F278-40D1-99B0-C503D1BBD117}"
EndProject
Project("{D954291E-2A0B-460D-934E-DC6B0785DB48}") = "HongKongSchools.Shared", "HongKongSchools\HongKongSchools.Shared\HongKongSchools.Shared.shproj", "{656D6779-18F3-4DC4-92AA-B63C28A3323B}"
EndProject
Project("{FAE04EC0-301F-11D3-BF4B-00C04F79EFBC}") = "HongKongSchools.Windows", "HongKongSchools\HongKongSchools.Windows\HongKongSchools.Windows.csproj", "{8B2A3157-3B63-42FD-AE95-E2EA92EEB7C7}"
EndProject
Project("{FAE04EC0-301F-11D3-BF4B-00C04F79EFBC}") = "HongKongSchools.WindowsPhone", "HongKongSchools\HongKongSchools.WindowsPhone\HongKongSchools.WindowsPhone.csproj", "{ADF18246-1D7C-45C3-905D-3C4575D48C06}"
EndProject
Global
	GlobalSection(SharedMSBuildProjectFiles) = preSolution
		HongKongSchools\HongKongSchools.Shared\HongKongSchools.Shared.projitems*{adf18246-1d7c-45c3-905d-3c4575d48c06}*SharedItemsImports = 4
		HongKongSchools\HongKongSchools.Shared\HongKongSchools.Shared.projitems*{656d6779-18f3-4dc4-92aa-b63c28a3323b}*SharedItemsImports = 13
		HongKongSchools\HongKongSchools.Shared\HongKongSchools.Shared.projitems*{8b2a3157-3b63-42fd-ae95-e2ea92eeb7c7}*SharedItemsImports = 4
	EndGlobalSection
	GlobalSection(SolutionConfigurationPlatforms) = preSolution
		Debug|Any CPU = Debug|Any CPU
		Debug|ARM = Debug|ARM
		Debug|x64 = Debug|x64
		Debug|x86 = Debug|x86
		Release|Any CPU = Release|Any CPU
		Release|ARM = Release|ARM
		Release|x64 = Release|x64
		Release|x86 = Release|x86
	EndGlobalSection
	GlobalSection(ProjectConfigurationPlatforms) = postSolution
		{8B2A3157-3B63-42FD-AE95-E2EA92EEB7C7}.Debug|Any CPU.ActiveCfg = Debug|Any CPU
		{8B2A3157-3B63-42FD-AE95-E2EA92EEB7C7}.Debug|Any CPU.Build.0 = Debug|Any CPU
		{8B2A3157-3B63-42FD-AE95-E2EA92EEB7C7}.Debug|Any CPU.Deploy.0 = Debug|Any CPU
		{8B2A3157-3B63-42FD-AE95-E2EA92EEB7C7}.Debug|ARM.ActiveCfg = Debug|ARM
		{8B2A3157-3B63-42FD-AE95-E2EA92EEB7C7}.Debug|ARM.Build.0 = Debug|ARM
		{8B2A3157-3B63-42FD-AE95-E2EA92EEB7C7}.Debug|ARM.Deploy.0 = Debug|ARM
		{8B2A3157-3B63-42FD-AE95-E2EA92EEB7C7}.Debug|x64.ActiveCfg = Debug|x64
		{8B2A3157-3B63-42FD-AE95-E2EA92EEB7C7}.Debug|x64.Build.0 = Debug|x64
		{8B2A3157-3B63-42FD-AE95-E2EA92EEB7C7}.Debug|x64.Deploy.0 = Debug|x64
		{8B2A3157-3B63-42FD-AE95-E2EA92EEB7C7}.Debug|x86.ActiveCfg = Debug|x86
		{8B2A3157-3B63-42FD-AE95-E2EA92EEB7C7}.Debug|x86.Build.0 = Debug|x86
		{8B2A3157-3B63-42FD-AE95-E2EA92EEB7C7}.Debug|x86.Deploy.0 = Debug|x86
		{8B2A3157-3B63-42FD-AE95-E2EA92EEB7C7}.Release|Any CPU.ActiveCfg = Release|Any CPU
		{8B2A3157-3B63-42FD-AE95-E2EA92EEB7C7}.Release|Any CPU.Build.0 = Release|Any CPU
		{8B2A3157-3B63-42FD-AE95-E2EA92EEB7C7}.Release|Any CPU.Deploy.0 = Release|Any CPU
		{8B2A3157-3B63-42FD-AE95-E2EA92EEB7C7}.Release|ARM.ActiveCfg = Release|ARM
		{8B2A3157-3B63-42FD-AE95-E2EA92EEB7C7}.Release|ARM.Build.0 = Release|ARM
		{8B2A3157-3B63-42FD-AE95-E2EA92EEB7C7}.Release|ARM.Deploy.0 = Release|ARM
		{8B2A3157-3B63-42FD-AE95-E2EA92EEB7C7}.Release|x64.ActiveCfg = Release|x64
		{8B2A3157-3B63-42FD-AE95-E2EA92EEB7C7}.Release|x64.Build.0 = Release|x64
		{8B2A3157-3B63-42FD-AE95-E2EA92EEB7C7}.Release|x64.Deploy.0 = Release|x64
		{8B2A3157-3B63-42FD-AE95-E2EA92EEB7C7}.Release|x86.ActiveCfg = Release|x86
		{8B2A3157-3B63-42FD-AE95-E2EA92EEB7C7}.Release|x86.Build.0 = Release|x86
		{8B2A3157-3B63-42FD-AE95-E2EA92EEB7C7}.Release|x86.Deploy.0 = Release|x86
		{ADF18246-1D7C-45C3-905D-3C4575D48C06}.Debug|Any CPU.ActiveCfg = Debug|ARM
		{ADF18246-1D7C-45C3-905D-3C4575D48C06}.Debug|Any CPU.Build.0 = Debug|ARM
		{ADF18246-1D7C-45C3-905D-3C4575D48C06}.Debug|Any CPU.Deploy.0 = Debug|ARM
		{ADF18246-1D7C-45C3-905D-3C4575D48C06}.Debug|ARM.ActiveCfg = Debug|ARM
		{ADF18246-1D7C-45C3-905D-3C4575D48C06}.Debug|ARM.Build.0 = Debug|ARM
		{ADF18246-1D7C-45C3-905D-3C4575D48C06}.Debug|ARM.Deploy.0 = Debug|ARM
		{ADF18246-1D7C-45C3-905D-3C4575D48C06}.Debug|x64.ActiveCfg = Debug|Any CPU
		{ADF18246-1D7C-45C3-905D-3C4575D48C06}.Debug|x86.ActiveCfg = Debug|x86
		{ADF18246-1D7C-45C3-905D-3C4575D48C06}.Debug|x86.Build.0 = Debug|x86
		{ADF18246-1D7C-45C3-905D-3C4575D48C06}.Debug|x86.Deploy.0 = Debug|x86
		{ADF18246-1D7C-45C3-905D-3C4575D48C06}.Release|Any CPU.ActiveCfg = Release|ARM
		{ADF18246-1D7C-45C3-905D-3C4575D48C06}.Release|Any CPU.Build.0 = Release|ARM
		{ADF18246-1D7C-45C3-905D-3C4575D48C06}.Release|Any CPU.Deploy.0 = Release|ARM
		{ADF18246-1D7C-45C3-905D-3C4575D48C06}.Release|ARM.ActiveCfg = Release|ARM
		{ADF18246-1D7C-45C3-905D-3C4575D48C06}.Release|ARM.Build.0 = Release|ARM
		{ADF18246-1D7C-45C3-905D-3C4575D48C06}.Release|ARM.Deploy.0 = Release|ARM
		{ADF18246-1D7C-45C3-905D-3C4575D48C06}.Release|x64.ActiveCfg = Release|Any CPU
		{ADF18246-1D7C-45C3-905D-3C4575D48C06}.Release|x86.ActiveCfg = Release|x86
		{ADF18246-1D7C-45C3-905D-3C4575D48C06}.Release|x86.Build.0 = Release|x86
		{ADF18246-1D7C-45C3-905D-3C4575D48C06}.Release|x86.Deploy.0 = Release|x86
	EndGlobalSection
	GlobalSection(SolutionProperties) = preSolution
		HideSolutionNode = FALSE
	EndGlobalSection
	GlobalSection(NestedProjects) = preSolution
		{656D6779-18F3-4DC4-92AA-B63C28A3323B} = {76812128-F278-40D1-99B0-C503D1BBD117}
		{8B2A3157-3B63-42FD-AE95-E2EA92EEB7C7} = {76812128-F278-40D1-99B0-C503D1BBD117}
		{ADF18246-1D7C-45C3-905D-3C4575D48C06} = {76812128-F278-40D1-99B0-C503D1BBD117}
	EndGlobalSection
EndGlobal
